
Microsoft Visual Studio Solution File, Format Version 12.00
# Visual Studio Version 17
VisualStudioVersion = 17.13.35931.197 d17.13
MinimumVisualStudioVersion = 10.0.40219.1
Project("{FAE04EC0-301F-11D3-BF4B-00C04F79EFBC}") = "ProductClientHub.API", "ProductClientHub.API\ProductClientHub.API.csproj", "{F7896C1D-2AD4-4A27-8014-9A724E72BC97}"
EndProject
Project("{FAE04EC0-301F-11D3-BF4B-00C04F79EFBC}") = "ProductClientHub.Communication", "ProductClientHub.Communication\ProductClientHub.Communication.csproj", "{6E5C87BB-9DD9-483F-BE84-2E64EB523F11}"
EndProject
Project("{FAE04EC0-301F-11D3-BF4B-00C04F79EFBC}") = "ProductClientHub.Exceptions", "ProductClientHub.Exceptions\ProductClientHub.Exceptions.csproj", "{6FA7CCBD-C8FE-4BF8-BD36-53612E5954EC}"
EndProject
Global
	GlobalSection(SolutionConfigurationPlatforms) = preSolution
		Debug|Any CPU = Debug|Any CPU
		Release|Any CPU = Release|Any CPU
	EndGlobalSection
	GlobalSection(ProjectConfigurationPlatforms) = postSolution
		{F7896C1D-2AD4-4A27-8014-9A724E72BC97}.Debug|Any CPU.ActiveCfg = Debug|Any CPU
		{F7896C1D-2AD4-4A27-8014-9A724E72BC97}.Debug|Any CPU.Build.0 = Debug|Any CPU
		{F7896C1D-2AD4-4A27-8014-9A724E72BC97}.Release|Any CPU.ActiveCfg = Release|Any CPU
		{F7896C1D-2AD4-4A27-8014-9A724E72BC97}.Release|Any CPU.Build.0 = Release|Any CPU
		{6E5C87BB-9DD9-483F-BE84-2E64EB523F11}.Debug|Any CPU.ActiveCfg = Debug|Any CPU
		{6E5C87BB-9DD9-483F-BE84-2E64EB523F11}.Debug|Any CPU.Build.0 = Debug|Any CPU
		{6E5C87BB-9DD9-483F-BE84-2E64EB523F11}.Release|Any CPU.ActiveCfg = Release|Any CPU
		{6E5C87BB-9DD9-483F-BE84-2E64EB523F11}.Release|Any CPU.Build.0 = Release|Any CPU
		{6FA7CCBD-C8FE-4BF8-BD36-53612E5954EC}.Debug|Any CPU.ActiveCfg = Debug|Any CPU
		{6FA7CCBD-C8FE-4BF8-BD36-53612E5954EC}.Debug|Any CPU.Build.0 = Debug|Any CPU
		{6FA7CCBD-C8FE-4BF8-BD36-53612E5954EC}.Release|Any CPU.ActiveCfg = Release|Any CPU
		{6FA7CCBD-C8FE-4BF8-BD36-53612E5954EC}.Release|Any CPU.Build.0 = Release|Any CPU
	EndGlobalSection
	GlobalSection(SolutionProperties) = preSolution
		HideSolutionNode = FALSE
	EndGlobalSection
	GlobalSection(ExtensibilityGlobals) = postSolution
		SolutionGuid = {E81E61B3-0E34-44A9-A3F4-6767BD33D5B4}
	EndGlobalSection
EndGlobal
